
Microsoft Visual Studio Solution File, Format Version 12.00
# Visual Studio Version 17
VisualStudioVersion = 17.11.35219.272
MinimumVisualStudioVersion = 10.0.40219.1
Project("{FAE04EC0-301F-11D3-BF4B-00C04F79EFBC}") = "ScreenSoundPOO", "ScreenSoundPOO\ScreenSoundPOO.csproj", "{5FDE49AC-1854-47ED-A007-A04B56F98B67}"
EndProject
Global
	GlobalSection(SolutionConfigurationPlatforms) = preSolution
		Debug|Any CPU = Debug|Any CPU
		Release|Any CPU = Release|Any CPU
	EndGlobalSection
	GlobalSection(ProjectConfigurationPlatforms) = postSolution
		{5FDE49AC-1854-47ED-A007-A04B56F98B67}.Debug|Any CPU.ActiveCfg = Debug|Any CPU
		{5FDE49AC-1854-47ED-A007-A04B56F98B67}.Debug|Any CPU.Build.0 = Debug|Any CPU
		{5FDE49AC-1854-47ED-A007-A04B56F98B67}.Release|Any CPU.ActiveCfg = Release|Any CPU
		{5FDE49AC-1854-47ED-A007-A04B56F98B67}.Release|Any CPU.Build.0 = Release|Any CPU
	EndGlobalSection
	GlobalSection(SolutionProperties) = preSolution
		HideSolutionNode = FALSE
	EndGlobalSection
	GlobalSection(ExtensibilityGlobals) = postSolution
		SolutionGuid = {66AFDC97-BDB0-4FBE-A5B8-9EE541870359}
	EndGlobalSection
EndGlobal
